
Microsoft Visual Studio Solution File, Format Version 12.00
# Visual Studio Version 17
VisualStudioVersion = 17.8.34525.116
MinimumVisualStudioVersion = 10.0.40219.1
Project("{FAE04EC0-301F-11D3-BF4B-00C04F79EFBC}") = "Ex4.5", "Ex4.5\Ex4.5.csproj", "{1B0FF2AE-70CE-49C6-9CEA-556460418DBF}"
EndProject
Global
	GlobalSection(SolutionConfigurationPlatforms) = preSolution
		Debug|Any CPU = Debug|Any CPU
		Release|Any CPU = Release|Any CPU
	EndGlobalSection
	GlobalSection(ProjectConfigurationPlatforms) = postSolution
		{1B0FF2AE-70CE-49C6-9CEA-556460418DBF}.Debug|Any CPU.ActiveCfg = Debug|Any CPU
		{1B0FF2AE-70CE-49C6-9CEA-556460418DBF}.Debug|Any CPU.Build.0 = Debug|Any CPU
		{1B0FF2AE-70CE-49C6-9CEA-556460418DBF}.Release|Any CPU.ActiveCfg = Release|Any CPU
		{1B0FF2AE-70CE-49C6-9CEA-556460418DBF}.Release|Any CPU.Build.0 = Release|Any CPU
	EndGlobalSection
	GlobalSection(SolutionProperties) = preSolution
		HideSolutionNode = FALSE
	EndGlobalSection
	GlobalSection(ExtensibilityGlobals) = postSolution
		SolutionGuid = {A2CB8006-6603-467C-9D81-35DBA11B0274}
	EndGlobalSection
EndGlobal
