
Microsoft Visual Studio Solution File, Format Version 12.00
# Visual Studio Version 17
VisualStudioVersion = 17.8.34525.116
MinimumVisualStudioVersion = 10.0.40219.1
Project("{FAE04EC0-301F-11D3-BF4B-00C04F79EFBC}") = "Ex6.4", "Ex6.4\Ex6.4.csproj", "{44BEBD34-E2BC-484E-9812-679D19968A63}"
EndProject
Global
	GlobalSection(SolutionConfigurationPlatforms) = preSolution
		Debug|Any CPU = Debug|Any CPU
		Release|Any CPU = Release|Any CPU
	EndGlobalSection
	GlobalSection(ProjectConfigurationPlatforms) = postSolution
		{44BEBD34-E2BC-484E-9812-679D19968A63}.Debug|Any CPU.ActiveCfg = Debug|Any CPU
		{44BEBD34-E2BC-484E-9812-679D19968A63}.Debug|Any CPU.Build.0 = Debug|Any CPU
		{44BEBD34-E2BC-484E-9812-679D19968A63}.Release|Any CPU.ActiveCfg = Release|Any CPU
		{44BEBD34-E2BC-484E-9812-679D19968A63}.Release|Any CPU.Build.0 = Release|Any CPU
	EndGlobalSection
	GlobalSection(SolutionProperties) = preSolution
		HideSolutionNode = FALSE
	EndGlobalSection
	GlobalSection(ExtensibilityGlobals) = postSolution
		SolutionGuid = {0D4588EA-901C-451F-883B-283B5E3A4DB7}
	EndGlobalSection
EndGlobal
