
Microsoft Visual Studio Solution File, Format Version 12.00
# Visual Studio Version 17
VisualStudioVersion = 17.8.34525.116
MinimumVisualStudioVersion = 10.0.40219.1
Project("{FAE04EC0-301F-11D3-BF4B-00C04F79EFBC}") = "Ex4.4", "Ex4.4\Ex4.4.csproj", "{D8FF2BCE-76EE-44B1-86AA-002F5016919B}"
EndProject
Global
	GlobalSection(SolutionConfigurationPlatforms) = preSolution
		Debug|Any CPU = Debug|Any CPU
		Release|Any CPU = Release|Any CPU
	EndGlobalSection
	GlobalSection(ProjectConfigurationPlatforms) = postSolution
		{D8FF2BCE-76EE-44B1-86AA-002F5016919B}.Debug|Any CPU.ActiveCfg = Debug|Any CPU
		{D8FF2BCE-76EE-44B1-86AA-002F5016919B}.Debug|Any CPU.Build.0 = Debug|Any CPU
		{D8FF2BCE-76EE-44B1-86AA-002F5016919B}.Release|Any CPU.ActiveCfg = Release|Any CPU
		{D8FF2BCE-76EE-44B1-86AA-002F5016919B}.Release|Any CPU.Build.0 = Release|Any CPU
	EndGlobalSection
	GlobalSection(SolutionProperties) = preSolution
		HideSolutionNode = FALSE
	EndGlobalSection
	GlobalSection(ExtensibilityGlobals) = postSolution
		SolutionGuid = {96A3A65B-06EB-4E80-974F-5A66C652910D}
	EndGlobalSection
EndGlobal
