
Microsoft Visual Studio Solution File, Format Version 12.00
# Visual Studio Version 17
VisualStudioVersion = 17.8.34525.116
MinimumVisualStudioVersion = 10.0.40219.1
Project("{FAE04EC0-301F-11D3-BF4B-00C04F79EFBC}") = "Ex6.1", "Ex6.1\Ex6.1.csproj", "{2BF07B9B-00AF-45B8-8710-CE3004F6382C}"
EndProject
Global
	GlobalSection(SolutionConfigurationPlatforms) = preSolution
		Debug|Any CPU = Debug|Any CPU
		Release|Any CPU = Release|Any CPU
	EndGlobalSection
	GlobalSection(ProjectConfigurationPlatforms) = postSolution
		{2BF07B9B-00AF-45B8-8710-CE3004F6382C}.Debug|Any CPU.ActiveCfg = Debug|Any CPU
		{2BF07B9B-00AF-45B8-8710-CE3004F6382C}.Debug|Any CPU.Build.0 = Debug|Any CPU
		{2BF07B9B-00AF-45B8-8710-CE3004F6382C}.Release|Any CPU.ActiveCfg = Release|Any CPU
		{2BF07B9B-00AF-45B8-8710-CE3004F6382C}.Release|Any CPU.Build.0 = Release|Any CPU
	EndGlobalSection
	GlobalSection(SolutionProperties) = preSolution
		HideSolutionNode = FALSE
	EndGlobalSection
	GlobalSection(ExtensibilityGlobals) = postSolution
		SolutionGuid = {CFC868D6-93A8-4A9C-94CB-2E083B98C41F}
	EndGlobalSection
EndGlobal
