
Microsoft Visual Studio Solution File, Format Version 12.00
# Visual Studio Version 17
VisualStudioVersion = 17.8.34525.116
MinimumVisualStudioVersion = 10.0.40219.1
Project("{FAE04EC0-301F-11D3-BF4B-00C04F79EFBC}") = "Ex5.6", "Ex5.6\Ex5.6.csproj", "{3CA9A65B-FF99-453B-A332-66F2A9C3BCB2}"
EndProject
Global
	GlobalSection(SolutionConfigurationPlatforms) = preSolution
		Debug|Any CPU = Debug|Any CPU
		Release|Any CPU = Release|Any CPU
	EndGlobalSection
	GlobalSection(ProjectConfigurationPlatforms) = postSolution
		{3CA9A65B-FF99-453B-A332-66F2A9C3BCB2}.Debug|Any CPU.ActiveCfg = Debug|Any CPU
		{3CA9A65B-FF99-453B-A332-66F2A9C3BCB2}.Debug|Any CPU.Build.0 = Debug|Any CPU
		{3CA9A65B-FF99-453B-A332-66F2A9C3BCB2}.Release|Any CPU.ActiveCfg = Release|Any CPU
		{3CA9A65B-FF99-453B-A332-66F2A9C3BCB2}.Release|Any CPU.Build.0 = Release|Any CPU
	EndGlobalSection
	GlobalSection(SolutionProperties) = preSolution
		HideSolutionNode = FALSE
	EndGlobalSection
	GlobalSection(ExtensibilityGlobals) = postSolution
		SolutionGuid = {EDBFAA2E-DDB6-4C4B-829A-2B568C33ED66}
	EndGlobalSection
EndGlobal
