
Microsoft Visual Studio Solution File, Format Version 12.00
# Visual Studio Version 17
VisualStudioVersion = 17.8.34525.116
MinimumVisualStudioVersion = 10.0.40219.1
Project("{FAE04EC0-301F-11D3-BF4B-00C04F79EFBC}") = "Ex7.1", "Ex7.1\Ex7.1.csproj", "{8485AB7A-2E39-41F8-8E18-7549F9C5341D}"
EndProject
Global
	GlobalSection(SolutionConfigurationPlatforms) = preSolution
		Debug|Any CPU = Debug|Any CPU
		Release|Any CPU = Release|Any CPU
	EndGlobalSection
	GlobalSection(ProjectConfigurationPlatforms) = postSolution
		{8485AB7A-2E39-41F8-8E18-7549F9C5341D}.Debug|Any CPU.ActiveCfg = Debug|Any CPU
		{8485AB7A-2E39-41F8-8E18-7549F9C5341D}.Debug|Any CPU.Build.0 = Debug|Any CPU
		{8485AB7A-2E39-41F8-8E18-7549F9C5341D}.Release|Any CPU.ActiveCfg = Release|Any CPU
		{8485AB7A-2E39-41F8-8E18-7549F9C5341D}.Release|Any CPU.Build.0 = Release|Any CPU
	EndGlobalSection
	GlobalSection(SolutionProperties) = preSolution
		HideSolutionNode = FALSE
	EndGlobalSection
	GlobalSection(ExtensibilityGlobals) = postSolution
		SolutionGuid = {8743D51E-1D99-466D-827E-3D6CAFE974E7}
	EndGlobalSection
EndGlobal
