
Microsoft Visual Studio Solution File, Format Version 12.00
# Visual Studio Version 17
VisualStudioVersion = 17.10.34928.147
MinimumVisualStudioVersion = 10.0.40219.1
Project("{FAE04EC0-301F-11D3-BF4B-00C04F79EFBC}") = "Exercice11.3", "Exercice11.3\Exercice11.3.csproj", "{1894705E-4A27-4190-ABFE-426801A2DA58}"
EndProject
Global
	GlobalSection(SolutionConfigurationPlatforms) = preSolution
		Debug|Any CPU = Debug|Any CPU
		Release|Any CPU = Release|Any CPU
	EndGlobalSection
	GlobalSection(ProjectConfigurationPlatforms) = postSolution
		{1894705E-4A27-4190-ABFE-426801A2DA58}.Debug|Any CPU.ActiveCfg = Debug|Any CPU
		{1894705E-4A27-4190-ABFE-426801A2DA58}.Debug|Any CPU.Build.0 = Debug|Any CPU
		{1894705E-4A27-4190-ABFE-426801A2DA58}.Release|Any CPU.ActiveCfg = Release|Any CPU
		{1894705E-4A27-4190-ABFE-426801A2DA58}.Release|Any CPU.Build.0 = Release|Any CPU
	EndGlobalSection
	GlobalSection(SolutionProperties) = preSolution
		HideSolutionNode = FALSE
	EndGlobalSection
	GlobalSection(ExtensibilityGlobals) = postSolution
		SolutionGuid = {E66C45E0-00E2-45BB-8BFA-20A136E36A0A}
	EndGlobalSection
EndGlobal
