
Microsoft Visual Studio Solution File, Format Version 12.00
# Visual Studio Version 17
VisualStudioVersion = 17.8.34525.116
MinimumVisualStudioVersion = 10.0.40219.1
Project("{FAE04EC0-301F-11D3-BF4B-00C04F79EFBC}") = "Ex6.2", "Ex6.2\Ex6.2.csproj", "{AAE66F2F-1522-4301-9BF2-79591CFAE23D}"
EndProject
Global
	GlobalSection(SolutionConfigurationPlatforms) = preSolution
		Debug|Any CPU = Debug|Any CPU
		Release|Any CPU = Release|Any CPU
	EndGlobalSection
	GlobalSection(ProjectConfigurationPlatforms) = postSolution
		{AAE66F2F-1522-4301-9BF2-79591CFAE23D}.Debug|Any CPU.ActiveCfg = Debug|Any CPU
		{AAE66F2F-1522-4301-9BF2-79591CFAE23D}.Debug|Any CPU.Build.0 = Debug|Any CPU
		{AAE66F2F-1522-4301-9BF2-79591CFAE23D}.Release|Any CPU.ActiveCfg = Release|Any CPU
		{AAE66F2F-1522-4301-9BF2-79591CFAE23D}.Release|Any CPU.Build.0 = Release|Any CPU
	EndGlobalSection
	GlobalSection(SolutionProperties) = preSolution
		HideSolutionNode = FALSE
	EndGlobalSection
	GlobalSection(ExtensibilityGlobals) = postSolution
		SolutionGuid = {DBB8DEDF-5A4B-40AD-90B0-4ABD7B97B27D}
	EndGlobalSection
EndGlobal
